// !$*UTF8*$!
{
	archiveVersion = 1;
	classes = {
	};
	objectVersion = 46;
	objects = {

/* Begin PBXBuildFile section */
		F5F2B9461CB00ABF00DB5FC7 /* AppDelegate.swift in Sources */ = {isa = PBXBuildFile; fileRef = F5F2B9451CB00ABF00DB5FC7 /* AppDelegate.swift */; };
		F5F2B9481CB00ABF00DB5FC7 /* ViewController.swift in Sources */ = {isa = PBXBuildFile; fileRef = F5F2B9471CB00ABF00DB5FC7 /* ViewController.swift */; };
		F5F2B94B1CB00ABF00DB5FC7 /* Main.storyboard in Resources */ = {isa = PBXBuildFile; fileRef = F5F2B9491CB00ABF00DB5FC7 /* Main.storyboard */; };
		F5F2B94D1CB00ABF00DB5FC7 /* Assets.xcassets in Resources */ = {isa = PBXBuildFile; fileRef = F5F2B94C1CB00ABF00DB5FC7 /* Assets.xcassets */; };
		F5F2B9501CB00ABF00DB5FC7 /* LaunchScreen.storyboard in Resources */ = {isa = PBXBuildFile; fileRef = F5F2B94E1CB00ABF00DB5FC7 /* LaunchScreen.storyboard */; };
		F5F2B95B1CB00AC000DB5FC7 /* Practicum_Week2Tests.swift in Sources */ = {isa = PBXBuildFile; fileRef = F5F2B95A1CB00AC000DB5FC7 /* Practicum_Week2Tests.swift */; };
		F5F2B9661CB00AC000DB5FC7 /* Practicum_Week2UITests.swift in Sources */ = {isa = PBXBuildFile; fileRef = F5F2B9651CB00AC000DB5FC7 /* Practicum_Week2UITests.swift */; };
		F5F2B9741CB00ED800DB5FC7 /* 20150303_175019.jpg in Resources */ = {isa = PBXBuildFile; fileRef = F5F2B9731CB00ED800DB5FC7 /* 20150303_175019.jpg */; };
		F5F2B9761CB010A900DB5FC7 /* 20160113080236.jpg in Resources */ = {isa = PBXBuildFile; fileRef = F5F2B9751CB010A900DB5FC7 /* 20160113080236.jpg */; };
		F5F2B9781CB01ABF00DB5FC7 /* GeneralViewController.swift in Sources */ = {isa = PBXBuildFile; fileRef = F5F2B9771CB01ABF00DB5FC7 /* GeneralViewController.swift */; };
		F5F2B97A1CB01B0A00DB5FC7 /* AboutViewController.swift in Sources */ = {isa = PBXBuildFile; fileRef = F5F2B9791CB01B0A00DB5FC7 /* AboutViewController.swift */; };
		F5F2B97C1CB01B1B00DB5FC7 /* EasterEggViewController.swift in Sources */ = {isa = PBXBuildFile; fileRef = F5F2B97B1CB01B1B00DB5FC7 /* EasterEggViewController.swift */; };
		F5F2B97E1CB01B3C00DB5FC7 /* DetailsViewController.swift in Sources */ = {isa = PBXBuildFile; fileRef = F5F2B97D1CB01B3C00DB5FC7 /* DetailsViewController.swift */; };
		F5F2B9801CB01B4A00DB5FC7 /* MoreDetailsViewController.swift in Sources */ = {isa = PBXBuildFile; fileRef = F5F2B97F1CB01B4A00DB5FC7 /* MoreDetailsViewController.swift */; };
/* End PBXBuildFile section */

/* Begin PBXContainerItemProxy section */
		F5F2B9571CB00AC000DB5FC7 /* PBXContainerItemProxy */ = {
			isa = PBXContainerItemProxy;
			containerPortal = F5F2B93A1CB00ABF00DB5FC7 /* Project object */;
			proxyType = 1;
			remoteGlobalIDString = F5F2B9411CB00ABF00DB5FC7;
			remoteInfo = Practicum_Week2;
		};
		F5F2B9621CB00AC000DB5FC7 /* PBXContainerItemProxy */ = {
			isa = PBXContainerItemProxy;
			containerPortal = F5F2B93A1CB00ABF00DB5FC7 /* Project object */;
			proxyType = 1;
			remoteGlobalIDString = F5F2B9411CB00ABF00DB5FC7;
			remoteInfo = Practicum_Week2;
		};
/* End PBXContainerItemProxy section */

/* Begin PBXFileReference section */
		F5F2B9421CB00ABF00DB5FC7 /* Practicum_Week2.app */ = {isa = PBXFileReference; explicitFileType = wrapper.application; includeInIndex = 0; path = Practicum_Week2.app; sourceTree = BUILT_PRODUCTS_DIR; };
		F5F2B9451CB00ABF00DB5FC7 /* AppDelegate.swift */ = {isa = PBXFileReference; lastKnownFileType = sourcecode.swift; path = AppDelegate.swift; sourceTree = "<group>"; };
		F5F2B9471CB00ABF00DB5FC7 /* ViewController.swift */ = {isa = PBXFileReference; lastKnownFileType = sourcecode.swift; path = ViewController.swift; sourceTree = "<group>"; };
		F5F2B94A1CB00ABF00DB5FC7 /* Base */ = {isa = PBXFileReference; lastKnownFileType = file.storyboard; name = Base; path = Base.lproj/Main.storyboard; sourceTree = "<group>"; };
		F5F2B94C1CB00ABF00DB5FC7 /* Assets.xcassets */ = {isa = PBXFileReference; lastKnownFileType = folder.assetcatalog; path = Assets.xcassets; sourceTree = "<group>"; };
		F5F2B94F1CB00ABF00DB5FC7 /* Base */ = {isa = PBXFileReference; lastKnownFileType = file.storyboard; name = Base; path = Base.lproj/LaunchScreen.storyboard; sourceTree = "<group>"; };
		F5F2B9511CB00ABF00DB5FC7 /* Info.plist */ = {isa = PBXFileReference; lastKnownFileType = text.plist.xml; path = Info.plist; sourceTree = "<group>"; };
		F5F2B9561CB00AC000DB5FC7 /* Practicum_Week2Tests.xctest */ = {isa = PBXFileReference; explicitFileType = wrapper.cfbundle; includeInIndex = 0; path = Practicum_Week2Tests.xctest; sourceTree = BUILT_PRODUCTS_DIR; };
		F5F2B95A1CB00AC000DB5FC7 /* Practicum_Week2Tests.swift */ = {isa = PBXFileReference; lastKnownFileType = sourcecode.swift; path = Practicum_Week2Tests.swift; sourceTree = "<group>"; };
		F5F2B95C1CB00AC000DB5FC7 /* Info.plist */ = {isa = PBXFileReference; lastKnownFileType = text.plist.xml; path = Info.plist; sourceTree = "<group>"; };
		F5F2B9611CB00AC000DB5FC7 /* Practicum_Week2UITests.xctest */ = {isa = PBXFileReference; explicitFileType = wrapper.cfbundle; includeInIndex = 0; path = Practicum_Week2UITests.xctest; sourceTree = BUILT_PRODUCTS_DIR; };
		F5F2B9651CB00AC000DB5FC7 /* Practicum_Week2UITests.swift */ = {isa = PBXFileReference; lastKnownFileType = sourcecode.swift; path = Practicum_Week2UITests.swift; sourceTree = "<group>"; };
		F5F2B9671CB00AC000DB5FC7 /* Info.plist */ = {isa = PBXFileReference; lastKnownFileType = text.plist.xml; path = Info.plist; sourceTree = "<group>"; };
		F5F2B9731CB00ED800DB5FC7 /* 20150303_175019.jpg */ = {isa = PBXFileReference; lastKnownFileType = image.jpeg; name = 20150303_175019.jpg; path = "../../../../Dropbox/Media/Over me/tekeningen/20150303_175019.jpg"; sourceTree = "<group>"; };
		F5F2B9751CB010A900DB5FC7 /* 20160113080236.jpg */ = {isa = PBXFileReference; lastKnownFileType = image.jpeg; name = 20160113080236.jpg; path = "../../../../Dropbox/Media/Profielfoto's/20160113080236.jpg"; sourceTree = "<group>"; };
		F5F2B9771CB01ABF00DB5FC7 /* GeneralViewController.swift */ = {isa = PBXFileReference; fileEncoding = 4; lastKnownFileType = sourcecode.swift; path = GeneralViewController.swift; sourceTree = "<group>"; };
		F5F2B9791CB01B0A00DB5FC7 /* AboutViewController.swift */ = {isa = PBXFileReference; fileEncoding = 4; lastKnownFileType = sourcecode.swift; path = AboutViewController.swift; sourceTree = "<group>"; };
		F5F2B97B1CB01B1B00DB5FC7 /* EasterEggViewController.swift */ = {isa = PBXFileReference; fileEncoding = 4; lastKnownFileType = sourcecode.swift; path = EasterEggViewController.swift; sourceTree = "<group>"; };
		F5F2B97D1CB01B3C00DB5FC7 /* DetailsViewController.swift */ = {isa = PBXFileReference; fileEncoding = 4; lastKnownFileType = sourcecode.swift; path = DetailsViewController.swift; sourceTree = "<group>"; };
		F5F2B97F1CB01B4A00DB5FC7 /* MoreDetailsViewController.swift */ = {isa = PBXFileReference; fileEncoding = 4; lastKnownFileType = sourcecode.swift; path = MoreDetailsViewController.swift; sourceTree = "<group>"; };
/* End PBXFileReference section */

/* Begin PBXFrameworksBuildPhase section */
		F5F2B93F1CB00ABF00DB5FC7 /* Frameworks */ = {
			isa = PBXFrameworksBuildPhase;
			buildActionMask = 2147483647;
			files = (
			);
			runOnlyForDeploymentPostprocessing = 0;
		};
		F5F2B9531CB00AC000DB5FC7 /* Frameworks */ = {
			isa = PBXFrameworksBuildPhase;
			buildActionMask = 2147483647;
			files = (
			);
			runOnlyForDeploymentPostprocessing = 0;
		};
		F5F2B95E1CB00AC000DB5FC7 /* Frameworks */ = {
			isa = PBXFrameworksBuildPhase;
			buildActionMask = 2147483647;
			files = (
			);
			runOnlyForDeploymentPostprocessing = 0;
		};
/* End PBXFrameworksBuildPhase section */

/* Begin PBXGroup section */
		F5F2B9391CB00ABF00DB5FC7 = {
			isa = PBXGroup;
			children = (
				F5F2B9441CB00ABF00DB5FC7 /* Practicum_Week2 */,
				F5F2B9591CB00AC000DB5FC7 /* Practicum_Week2Tests */,
				F5F2B9641CB00AC000DB5FC7 /* Practicum_Week2UITests */,
				F5F2B9431CB00ABF00DB5FC7 /* Products */,
			);
			sourceTree = "<group>";
		};
		F5F2B9431CB00ABF00DB5FC7 /* Products */ = {
			isa = PBXGroup;
			children = (
				F5F2B9421CB00ABF00DB5FC7 /* Practicum_Week2.app */,
				F5F2B9561CB00AC000DB5FC7 /* Practicum_Week2Tests.xctest */,
				F5F2B9611CB00AC000DB5FC7 /* Practicum_Week2UITests.xctest */,
			);
			name = Products;
			sourceTree = "<group>";
		};
		F5F2B9441CB00ABF00DB5FC7 /* Practicum_Week2 */ = {
			isa = PBXGroup;
			children = (
				F5F2B9451CB00ABF00DB5FC7 /* AppDelegate.swift */,
				F5F2B9471CB00ABF00DB5FC7 /* ViewController.swift */,
				F5F2B9491CB00ABF00DB5FC7 /* Main.storyboard */,
				F5F2B9771CB01ABF00DB5FC7 /* GeneralViewController.swift */,
				F5F2B9791CB01B0A00DB5FC7 /* AboutViewController.swift */,
				F5F2B97B1CB01B1B00DB5FC7 /* EasterEggViewController.swift */,
				F5F2B97D1CB01B3C00DB5FC7 /* DetailsViewController.swift */,
				F5F2B97F1CB01B4A00DB5FC7 /* MoreDetailsViewController.swift */,
				F5F2B9751CB010A900DB5FC7 /* 20160113080236.jpg */,
				F5F2B9731CB00ED800DB5FC7 /* 20150303_175019.jpg */,
				F5F2B94C1CB00ABF00DB5FC7 /* Assets.xcassets */,
				F5F2B94E1CB00ABF00DB5FC7 /* LaunchScreen.storyboard */,
				F5F2B9511CB00ABF00DB5FC7 /* Info.plist */,
			);
			path = Practicum_Week2;
			sourceTree = "<group>";
		};
		F5F2B9591CB00AC000DB5FC7 /* Practicum_Week2Tests */ = {
			isa = PBXGroup;
			children = (
				F5F2B95A1CB00AC000DB5FC7 /* Practicum_Week2Tests.swift */,
				F5F2B95C1CB00AC000DB5FC7 /* Info.plist */,
			);
			path = Practicum_Week2Tests;
			sourceTree = "<group>";
		};
		F5F2B9641CB00AC000DB5FC7 /* Practicum_Week2UITests */ = {
			isa = PBXGroup;
			children = (
				F5F2B9651CB00AC000DB5FC7 /* Practicum_Week2UITests.swift */,
				F5F2B9671CB00AC000DB5FC7 /* Info.plist */,
			);
			path = Practicum_Week2UITests;
			sourceTree = "<group>";
		};
/* End PBXGroup section */

/* Begin PBXNativeTarget section */
		F5F2B9411CB00ABF00DB5FC7 /* Practicum_Week2 */ = {
			isa = PBXNativeTarget;
			buildConfigurationList = F5F2B96A1CB00AC000DB5FC7 /* Build configuration list for PBXNativeTarget "Practicum_Week2" */;
			buildPhases = (
				F5F2B93E1CB00ABF00DB5FC7 /* Sources */,
				F5F2B93F1CB00ABF00DB5FC7 /* Frameworks */,
				F5F2B9401CB00ABF00DB5FC7 /* Resources */,
			);
			buildRules = (
			);
			dependencies = (
			);
			name = Practicum_Week2;
			productName = Practicum_Week2;
			productReference = F5F2B9421CB00ABF00DB5FC7 /* Practicum_Week2.app */;
			productType = "com.apple.product-type.application";
		};
		F5F2B9551CB00AC000DB5FC7 /* Practicum_Week2Tests */ = {
			isa = PBXNativeTarget;
			buildConfigurationList = F5F2B96D1CB00AC000DB5FC7 /* Build configuration list for PBXNativeTarget "Practicum_Week2Tests" */;
			buildPhases = (
				F5F2B9521CB00AC000DB5FC7 /* Sources */,
				F5F2B9531CB00AC000DB5FC7 /* Frameworks */,
				F5F2B9541CB00AC000DB5FC7 /* Resources */,
			);
			buildRules = (
			);
			dependencies = (
				F5F2B9581CB00AC000DB5FC7 /* PBXTargetDependency */,
			);
			name = Practicum_Week2Tests;
			productName = Practicum_Week2Tests;
			productReference = F5F2B9561CB00AC000DB5FC7 /* Practicum_Week2Tests.xctest */;
			productType = "com.apple.product-type.bundle.unit-test";
		};
		F5F2B9601CB00AC000DB5FC7 /* Practicum_Week2UITests */ = {
			isa = PBXNativeTarget;
			buildConfigurationList = F5F2B9701CB00AC000DB5FC7 /* Build configuration list for PBXNativeTarget "Practicum_Week2UITests" */;
			buildPhases = (
				F5F2B95D1CB00AC000DB5FC7 /* Sources */,
				F5F2B95E1CB00AC000DB5FC7 /* Frameworks */,
				F5F2B95F1CB00AC000DB5FC7 /* Resources */,
			);
			buildRules = (
			);
			dependencies = (
				F5F2B9631CB00AC000DB5FC7 /* PBXTargetDependency */,
			);
			name = Practicum_Week2UITests;
			productName = Practicum_Week2UITests;
			productReference = F5F2B9611CB00AC000DB5FC7 /* Practicum_Week2UITests.xctest */;
			productType = "com.apple.product-type.bundle.ui-testing";
		};
/* End PBXNativeTarget section */

/* Begin PBXProject section */
		F5F2B93A1CB00ABF00DB5FC7 /* Project object */ = {
			isa = PBXProject;
			attributes = {
				LastSwiftUpdateCheck = 0720;
				LastUpgradeCheck = 0720;
				ORGANIZATIONNAME = Fhict;
				TargetAttributes = {
					F5F2B9411CB00ABF00DB5FC7 = {
						CreatedOnToolsVersion = 7.2.1;
					};
					F5F2B9551CB00AC000DB5FC7 = {
						CreatedOnToolsVersion = 7.2.1;
						TestTargetID = F5F2B9411CB00ABF00DB5FC7;
					};
					F5F2B9601CB00AC000DB5FC7 = {
						CreatedOnToolsVersion = 7.2.1;
						TestTargetID = F5F2B9411CB00ABF00DB5FC7;
					};
				};
			};
			buildConfigurationList = F5F2B93D1CB00ABF00DB5FC7 /* Build configuration list for PBXProject "Practicum_Week2" */;
			compatibilityVersion = "Xcode 3.2";
			developmentRegion = English;
			hasScannedForEncodings = 0;
			knownRegions = (
				en,
				Base,
			);
			mainGroup = F5F2B9391CB00ABF00DB5FC7;
			productRefGroup = F5F2B9431CB00ABF00DB5FC7 /* Products */;
			projectDirPath = "";
			projectRoot = "";
			targets = (
				F5F2B9411CB00ABF00DB5FC7 /* Practicum_Week2 */,
				F5F2B9551CB00AC000DB5FC7 /* Practicum_Week2Tests */,
				F5F2B9601CB00AC000DB5FC7 /* Practicum_Week2UITests */,
			);
		};
/* End PBXProject section */

/* Begin PBXResourcesBuildPhase section */
		F5F2B9401CB00ABF00DB5FC7 /* Resources */ = {
			isa = PBXResourcesBuildPhase;
			buildActionMask = 2147483647;
			files = (
				F5F2B9761CB010A900DB5FC7 /* 20160113080236.jpg in Resources */,
				F5F2B9501CB00ABF00DB5FC7 /* LaunchScreen.storyboard in Resources */,
				F5F2B94D1CB00ABF00DB5FC7 /* Assets.xcassets in Resources */,
				F5F2B9741CB00ED800DB5FC7 /* 20150303_175019.jpg in Resources */,
				F5F2B94B1CB00ABF00DB5FC7 /* Main.storyboard in Resources */,
			);
			runOnlyForDeploymentPostprocessing = 0;
		};
		F5F2B9541CB00AC000DB5FC7 /* Resources */ = {
			isa = PBXResourcesBuildPhase;
			buildActionMask = 2147483647;
			files = (
			);
			runOnlyForDeploymentPostprocessing = 0;
		};
		F5F2B95F1CB00AC000DB5FC7 /* Resources */ = {
			isa = PBXResourcesBuildPhase;
			buildActionMask = 2147483647;
			files = (
			);
			runOnlyForDeploymentPostprocessing = 0;
		};
/* End PBXResourcesBuildPhase section */

/* Begin PBXSourcesBuildPhase section */
		F5F2B93E1CB00ABF00DB5FC7 /* Sources */ = {
			isa = PBXSourcesBuildPhase;
			buildActionMask = 2147483647;
			files = (
				F5F2B97C1CB01B1B00DB5FC7 /* EasterEggViewController.swift in Sources */,
				F5F2B9781CB01ABF00DB5FC7 /* GeneralViewController.swift in Sources */,
				F5F2B9481CB00ABF00DB5FC7 /* ViewController.swift in Sources */,
				F5F2B9801CB01B4A00DB5FC7 /* MoreDetailsViewController.swift in Sources */,
				F5F2B97A1CB01B0A00DB5FC7 /* AboutViewController.swift in Sources */,
				F5F2B9461CB00ABF00DB5FC7 /* AppDelegate.swift in Sources */,
				F5F2B97E1CB01B3C00DB5FC7 /* DetailsViewController.swift in Sources */,
			);
			runOnlyForDeploymentPostprocessing = 0;
		};
		F5F2B9521CB00AC000DB5FC7 /* Sources */ = {
			isa = PBXSourcesBuildPhase;
			buildActionMask = 2147483647;
			files = (
				F5F2B95B1CB00AC000DB5FC7 /* Practicum_Week2Tests.swift in Sources */,
			);
			runOnlyForDeploymentPostprocessing = 0;
		};
		F5F2B95D1CB00AC000DB5FC7 /* Sources */ = {
			isa = PBXSourcesBuildPhase;
			buildActionMask = 2147483647;
			files = (
				F5F2B9661CB00AC000DB5FC7 /* Practicum_Week2UITests.swift in Sources */,
			);
			runOnlyForDeploymentPostprocessing = 0;
		};
/* End PBXSourcesBuildPhase section */

/* Begin PBXTargetDependency section */
		F5F2B9581CB00AC000DB5FC7 /* PBXTargetDependency */ = {
			isa = PBXTargetDependency;
			target = F5F2B9411CB00ABF00DB5FC7 /* Practicum_Week2 */;
			targetProxy = F5F2B9571CB00AC000DB5FC7 /* PBXContainerItemProxy */;
		};
		F5F2B9631CB00AC000DB5FC7 /* PBXTargetDependency */ = {
			isa = PBXTargetDependency;
			target = F5F2B9411CB00ABF00DB5FC7 /* Practicum_Week2 */;
			targetProxy = F5F2B9621CB00AC000DB5FC7 /* PBXContainerItemProxy */;
		};
/* End PBXTargetDependency section */

/* Begin PBXVariantGroup section */
		F5F2B9491CB00ABF00DB5FC7 /* Main.storyboard */ = {
			isa = PBXVariantGroup;
			children = (
				F5F2B94A1CB00ABF00DB5FC7 /* Base */,
			);
			name = Main.storyboard;
			sourceTree = "<group>";
		};
		F5F2B94E1CB00ABF00DB5FC7 /* LaunchScreen.storyboard */ = {
			isa = PBXVariantGroup;
			children = (
				F5F2B94F1CB00ABF00DB5FC7 /* Base */,
			);
			name = LaunchScreen.storyboard;
			sourceTree = "<group>";
		};
/* End PBXVariantGroup section */

/* Begin XCBuildConfiguration section */
		F5F2B9681CB00AC000DB5FC7 /* Debug */ = {
			isa = XCBuildConfiguration;
			buildSettings = {
				ALWAYS_SEARCH_USER_PATHS = NO;
				CLANG_CXX_LANGUAGE_STANDARD = "gnu++0x";
				CLANG_CXX_LIBRARY = "libc++";
				CLANG_ENABLE_MODULES = YES;
				CLANG_ENABLE_OBJC_ARC = YES;
				CLANG_WARN_BOOL_CONVERSION = YES;
				CLANG_WARN_CONSTANT_CONVERSION = YES;
				CLANG_WARN_DIRECT_OBJC_ISA_USAGE = YES_ERROR;
				CLANG_WARN_EMPTY_BODY = YES;
				CLANG_WARN_ENUM_CONVERSION = YES;
				CLANG_WARN_INT_CONVERSION = YES;
				CLANG_WARN_OBJC_ROOT_CLASS = YES_ERROR;
				CLANG_WARN_UNREACHABLE_CODE = YES;
				CLANG_WARN__DUPLICATE_METHOD_MATCH = YES;
				"CODE_SIGN_IDENTITY[sdk=iphoneos*]" = "iPhone Developer";
				COPY_PHASE_STRIP = NO;
				DEBUG_INFORMATION_FORMAT = dwarf;
				ENABLE_STRICT_OBJC_MSGSEND = YES;
				ENABLE_TESTABILITY = YES;
				GCC_C_LANGUAGE_STANDARD = gnu99;
				GCC_DYNAMIC_NO_PIC = NO;
				GCC_NO_COMMON_BLOCKS = YES;
				GCC_OPTIMIZATION_LEVEL = 0;
				GCC_PREPROCESSOR_DEFINITIONS = (
					"DEBUG=1",
					"$(inherited)",
				);
				GCC_WARN_64_TO_32_BIT_CONVERSION = YES;
				GCC_WARN_ABOUT_RETURN_TYPE = YES_ERROR;
				GCC_WARN_UNDECLARED_SELECTOR = YES;
				GCC_WARN_UNINITIALIZED_AUTOS = YES_AGGRESSIVE;
				GCC_WARN_UNUSED_FUNCTION = YES;
				GCC_WARN_UNUSED_VARIABLE = YES;
				IPHONEOS_DEPLOYMENT_TARGET = 9.2;
				MTL_ENABLE_DEBUG_INFO = YES;
				ONLY_ACTIVE_ARCH = YES;
				SDKROOT = iphoneos;
				SWIFT_OPTIMIZATION_LEVEL = "-Onone";
			};
			name = Debug;
		};
		F5F2B9691CB00AC000DB5FC7 /* Release */ = {
			isa = XCBuildConfiguration;
			buildSettings = {
				ALWAYS_SEARCH_USER_PATHS = NO;
				CLANG_CXX_LANGUAGE_STANDARD = "gnu++0x";
				CLANG_CXX_LIBRARY = "libc++";
				CLANG_ENABLE_MODULES = YES;
				CLANG_ENABLE_OBJC_ARC = YES;
				CLANG_WARN_BOOL_CONVERSION = YES;
				CLANG_WARN_CONSTANT_CONVERSION = YES;
				CLANG_WARN_DIRECT_OBJC_ISA_USAGE = YES_ERROR;
				CLANG_WARN_EMPTY_BODY = YES;
				CLANG_WARN_ENUM_CONVERSION = YES;
				CLANG_WARN_INT_CONVERSION = YES;
				CLANG_WARN_OBJC_ROOT_CLASS = YES_ERROR;
				CLANG_WARN_UNREACHABLE_CODE = YES;
				CLANG_WARN__DUPLICATE_METHOD_MATCH = YES;
				"CODE_SIGN_IDENTITY[sdk=iphoneos*]" = "iPhone Developer";
				COPY_PHASE_STRIP = NO;
				DEBUG_INFORMATION_FORMAT = "dwarf-with-dsym";
				ENABLE_NS_ASSERTIONS = NO;
				ENABLE_STRICT_OBJC_MSGSEND = YES;
				GCC_C_LANGUAGE_STANDARD = gnu99;
				GCC_NO_COMMON_BLOCKS = YES;
				GCC_WARN_64_TO_32_BIT_CONVERSION = YES;
				GCC_WARN_ABOUT_RETURN_TYPE = YES_ERROR;
				GCC_WARN_UNDECLARED_SELECTOR = YES;
				GCC_WARN_UNINITIALIZED_AUTOS = YES_AGGRESSIVE;
				GCC_WARN_UNUSED_FUNCTION = YES;
				GCC_WARN_UNUSED_VARIABLE = YES;
				IPHONEOS_DEPLOYMENT_TARGET = 9.2;
				MTL_ENABLE_DEBUG_INFO = NO;
				SDKROOT = iphoneos;
				VALIDATE_PRODUCT = YES;
			};
			name = Release;
		};
		F5F2B96B1CB00AC000DB5FC7 /* Debug */ = {
			isa = XCBuildConfiguration;
			buildSettings = {
				ASSETCATALOG_COMPILER_APPICON_NAME = AppIcon;
				INFOPLIST_FILE = Practicum_Week2/Info.plist;
				LD_RUNPATH_SEARCH_PATHS = "$(inherited) @executable_path/Frameworks";
				PRODUCT_BUNDLE_IDENTIFIER = "com.jonathan.Practicum-Week2";
				PRODUCT_NAME = "$(TARGET_NAME)";
			};
			name = Debug;
		};
		F5F2B96C1CB00AC000DB5FC7 /* Release */ = {
			isa = XCBuildConfiguration;
			buildSettings = {
				ASSETCATALOG_COMPILER_APPICON_NAME = AppIcon;
				INFOPLIST_FILE = Practicum_Week2/Info.plist;
				LD_RUNPATH_SEARCH_PATHS = "$(inherited) @executable_path/Frameworks";
				PRODUCT_BUNDLE_IDENTIFIER = "com.jonathan.Practicum-Week2";
				PRODUCT_NAME = "$(TARGET_NAME)";
			};
			name = Release;
		};
		F5F2B96E1CB00AC000DB5FC7 /* Debug */ = {
			isa = XCBuildConfiguration;
			buildSettings = {
				BUNDLE_LOADER = "$(TEST_HOST)";
				INFOPLIST_FILE = Practicum_Week2Tests/Info.plist;
				LD_RUNPATH_SEARCH_PATHS = "$(inherited) @executable_path/Frameworks @loader_path/Frameworks";
				PRODUCT_BUNDLE_IDENTIFIER = "com.jonathan.Practicum-Week2Tests";
				PRODUCT_NAME = "$(TARGET_NAME)";
				TEST_HOST = "$(BUILT_PRODUCTS_DIR)/Practicum_Week2.app/Practicum_Week2";
			};
			name = Debug;
		};
		F5F2B96F1CB00AC000DB5FC7 /* Release */ = {
			isa = XCBuildConfiguration;
			buildSettings = {
				BUNDLE_LOADER = "$(TEST_HOST)";
				INFOPLIST_FILE = Practicum_Week2Tests/Info.plist;
				LD_RUNPATH_SEARCH_PATHS = "$(inherited) @executable_path/Frameworks @loader_path/Frameworks";
				PRODUCT_BUNDLE_IDENTIFIER = "com.jonathan.Practicum-Week2Tests";
				PRODUCT_NAME = "$(TARGET_NAME)";
				TEST_HOST = "$(BUILT_PRODUCTS_DIR)/Practicum_Week2.app/Practicum_Week2";
			};
			name = Release;
		};
		F5F2B9711CB00AC000DB5FC7 /* Debug */ = {
			isa = XCBuildConfiguration;
			buildSettings = {
				INFOPLIST_FILE = Practicum_Week2UITests/Info.plist;
				LD_RUNPATH_SEARCH_PATHS = "$(inherited) @executable_path/Frameworks @loader_path/Frameworks";
				PRODUCT_BUNDLE_IDENTIFIER = "com.jonathan.Practicum-Week2UITests";
				PRODUCT_NAME = "$(TARGET_NAME)";
				TEST_TARGET_NAME = Practicum_Week2;
				USES_XCTRUNNER = YES;
			};
			name = Debug;
		};
		F5F2B9721CB00AC000DB5FC7 /* Release */ = {
			isa = XCBuildConfiguration;
			buildSettings = {
				INFOPLIST_FILE = Practicum_Week2UITests/Info.plist;
				LD_RUNPATH_SEARCH_PATHS = "$(inherited) @executable_path/Frameworks @loader_path/Frameworks";
				PRODUCT_BUNDLE_IDENTIFIER = "com.jonathan.Practicum-Week2UITests";
				PRODUCT_NAME = "$(TARGET_NAME)";
				TEST_TARGET_NAME = Practicum_Week2;
				USES_XCTRUNNER = YES;
			};
			name = Release;
		};
/* End XCBuildConfiguration section */

/* Begin XCConfigurationList section */
		F5F2B93D1CB00ABF00DB5FC7 /* Build configuration list for PBXProject "Practicum_Week2" */ = {
			isa = XCConfigurationList;
			buildConfigurations = (
				F5F2B9681CB00AC000DB5FC7 /* Debug */,
				F5F2B9691CB00AC000DB5FC7 /* Release */,
			);
			defaultConfigurationIsVisible = 0;
			defaultConfigurationName = Release;
		};
		F5F2B96A1CB00AC000DB5FC7 /* Build configuration list for PBXNativeTarget "Practicum_Week2" */ = {
			isa = XCConfigurationList;
			buildConfigurations = (
				F5F2B96B1CB00AC000DB5FC7 /* Debug */,
				F5F2B96C1CB00AC000DB5FC7 /* Release */,
			);
			defaultConfigurationIsVisible = 0;
		};
		F5F2B96D1CB00AC000DB5FC7 /* Build configuration list for PBXNativeTarget "Practicum_Week2Tests" */ = {
			isa = XCConfigurationList;
			buildConfigurations = (
				F5F2B96E1CB00AC000DB5FC7 /* Debug */,
				F5F2B96F1CB00AC000DB5FC7 /* Release */,
			);
			defaultConfigurationIsVisible = 0;
		};
		F5F2B9701CB00AC000DB5FC7 /* Build configuration list for PBXNativeTarget "Practicum_Week2UITests" */ = {
			isa = XCConfigurationList;
			buildConfigurations = (
				F5F2B9711CB00AC000DB5FC7 /* Debug */,
				F5F2B9721CB00AC000DB5FC7 /* Release */,
			);
			defaultConfigurationIsVisible = 0;
		};
/* End XCConfigurationList section */
	};
	rootObject = F5F2B93A1CB00ABF00DB5FC7 /* Project object */;
}
